// !$*UTF8*$!
{
	archiveVersion = 1;
	classes = {
	};
	objectVersion = 55;
	objects = {

/* Begin PBXBuildFile section */
		2594DFC4CA7A308A137547E6 /* Pods_CameraFilterApp.framework in Frameworks */ = {isa = PBXBuildFile; fileRef = EC059FAF58F288D8FC458EE2 /* Pods_CameraFilterApp.framework */; };
		AE910337276837DE00EC1C68 /* AppDelegate.swift in Sources */ = {isa = PBXBuildFile; fileRef = AE910336276837DE00EC1C68 /* AppDelegate.swift */; };
		AE910339276837DE00EC1C68 /* SceneDelegate.swift in Sources */ = {isa = PBXBuildFile; fileRef = AE910338276837DE00EC1C68 /* SceneDelegate.swift */; };
		AE91033B276837DE00EC1C68 /* ViewController.swift in Sources */ = {isa = PBXBuildFile; fileRef = AE91033A276837DE00EC1C68 /* ViewController.swift */; };
		AE91033E276837DE00EC1C68 /* Main.storyboard in Resources */ = {isa = PBXBuildFile; fileRef = AE91033C276837DE00EC1C68 /* Main.storyboard */; };
		AE910340276837DF00EC1C68 /* Assets.xcassets in Resources */ = {isa = PBXBuildFile; fileRef = AE91033F276837DF00EC1C68 /* Assets.xcassets */; };
		AE910343276837E000EC1C68 /* LaunchScreen.storyboard in Resources */ = {isa = PBXBuildFile; fileRef = AE910341276837E000EC1C68 /* LaunchScreen.storyboard */; };
		AE91034B2768489E00EC1C68 /* PhotoCollectionViewController.swift in Sources */ = {isa = PBXBuildFile; fileRef = AE91034A2768489E00EC1C68 /* PhotoCollectionViewController.swift */; };
		AE91034D27686A2400EC1C68 /* PhotoCollectionCell.swift in Sources */ = {isa = PBXBuildFile; fileRef = AE91034C27686A2400EC1C68 /* PhotoCollectionCell.swift */; };
		AE91034F276882F400EC1C68 /* FilterService.swift in Sources */ = {isa = PBXBuildFile; fileRef = AE91034E276882F400EC1C68 /* FilterService.swift */; };
/* End PBXBuildFile section */

/* Begin PBXFileReference section */
		64EF7108DB53483AF2547A61 /* Pods-CameraFilterApp.debug.xcconfig */ = {isa = PBXFileReference; includeInIndex = 1; lastKnownFileType = text.xcconfig; name = "Pods-CameraFilterApp.debug.xcconfig"; path = "Target Support Files/Pods-CameraFilterApp/Pods-CameraFilterApp.debug.xcconfig"; sourceTree = "<group>"; };
		AC87B568D7FA51BDCA9B1510 /* Pods-CameraFilterApp.release.xcconfig */ = {isa = PBXFileReference; includeInIndex = 1; lastKnownFileType = text.xcconfig; name = "Pods-CameraFilterApp.release.xcconfig"; path = "Target Support Files/Pods-CameraFilterApp/Pods-CameraFilterApp.release.xcconfig"; sourceTree = "<group>"; };
		AE910333276837DE00EC1C68 /* CameraFilterApp.app */ = {isa = PBXFileReference; explicitFileType = wrapper.application; includeInIndex = 0; path = CameraFilterApp.app; sourceTree = BUILT_PRODUCTS_DIR; };
		AE910336276837DE00EC1C68 /* AppDelegate.swift */ = {isa = PBXFileReference; lastKnownFileType = sourcecode.swift; path = AppDelegate.swift; sourceTree = "<group>"; };
		AE910338276837DE00EC1C68 /* SceneDelegate.swift */ = {isa = PBXFileReference; lastKnownFileType = sourcecode.swift; path = SceneDelegate.swift; sourceTree = "<group>"; };
		AE91033A276837DE00EC1C68 /* ViewController.swift */ = {isa = PBXFileReference; lastKnownFileType = sourcecode.swift; path = ViewController.swift; sourceTree = "<group>"; };
		AE91033D276837DE00EC1C68 /* Base */ = {isa = PBXFileReference; lastKnownFileType = file.storyboard; name = Base; path = Base.lproj/Main.storyboard; sourceTree = "<group>"; };
		AE91033F276837DF00EC1C68 /* Assets.xcassets */ = {isa = PBXFileReference; lastKnownFileType = folder.assetcatalog; path = Assets.xcassets; sourceTree = "<group>"; };
		AE910342276837E000EC1C68 /* Base */ = {isa = PBXFileReference; lastKnownFileType = file.storyboard; name = Base; path = Base.lproj/LaunchScreen.storyboard; sourceTree = "<group>"; };
		AE910344276837E000EC1C68 /* Info.plist */ = {isa = PBXFileReference; lastKnownFileType = text.plist.xml; path = Info.plist; sourceTree = "<group>"; };
		AE91034A2768489E00EC1C68 /* PhotoCollectionViewController.swift */ = {isa = PBXFileReference; lastKnownFileType = sourcecode.swift; path = PhotoCollectionViewController.swift; sourceTree = "<group>"; };
		AE91034C27686A2400EC1C68 /* PhotoCollectionCell.swift */ = {isa = PBXFileReference; lastKnownFileType = sourcecode.swift; path = PhotoCollectionCell.swift; sourceTree = "<group>"; };
		AE91034E276882F400EC1C68 /* FilterService.swift */ = {isa = PBXFileReference; lastKnownFileType = sourcecode.swift; path = FilterService.swift; sourceTree = "<group>"; };
		EC059FAF58F288D8FC458EE2 /* Pods_CameraFilterApp.framework */ = {isa = PBXFileReference; explicitFileType = wrapper.framework; includeInIndex = 0; path = Pods_CameraFilterApp.framework; sourceTree = BUILT_PRODUCTS_DIR; };
/* End PBXFileReference section */

/* Begin PBXFrameworksBuildPhase section */
		AE910330276837DE00EC1C68 /* Frameworks */ = {
			isa = PBXFrameworksBuildPhase;
			buildActionMask = 2147483647;
			files = (
				2594DFC4CA7A308A137547E6 /* Pods_CameraFilterApp.framework in Frameworks */,
			);
			runOnlyForDeploymentPostprocessing = 0;
		};
/* End PBXFrameworksBuildPhase section */

/* Begin PBXGroup section */
		20109C48C8F9C9E2294D1AF8 /* Frameworks */ = {
			isa = PBXGroup;
			children = (
				EC059FAF58F288D8FC458EE2 /* Pods_CameraFilterApp.framework */,
			);
			name = Frameworks;
			sourceTree = "<group>";
		};
		69B4E20047D95739F01BA510 /* Pods */ = {
			isa = PBXGroup;
			children = (
				64EF7108DB53483AF2547A61 /* Pods-CameraFilterApp.debug.xcconfig */,
				AC87B568D7FA51BDCA9B1510 /* Pods-CameraFilterApp.release.xcconfig */,
			);
			path = Pods;
			sourceTree = "<group>";
		};
		AE91032A276837DE00EC1C68 = {
			isa = PBXGroup;
			children = (
				AE910335276837DE00EC1C68 /* CameraFilterApp */,
				AE910334276837DE00EC1C68 /* Products */,
				69B4E20047D95739F01BA510 /* Pods */,
				20109C48C8F9C9E2294D1AF8 /* Frameworks */,
			);
			sourceTree = "<group>";
		};
		AE910334276837DE00EC1C68 /* Products */ = {
			isa = PBXGroup;
			children = (
				AE910333276837DE00EC1C68 /* CameraFilterApp.app */,
			);
			name = Products;
			sourceTree = "<group>";
		};
		AE910335276837DE00EC1C68 /* CameraFilterApp */ = {
			isa = PBXGroup;
			children = (
				AE910336276837DE00EC1C68 /* AppDelegate.swift */,
				AE910338276837DE00EC1C68 /* SceneDelegate.swift */,
				AE91033A276837DE00EC1C68 /* ViewController.swift */,
				AE91034E276882F400EC1C68 /* FilterService.swift */,
				AE91033C276837DE00EC1C68 /* Main.storyboard */,
				AE91033F276837DF00EC1C68 /* Assets.xcassets */,
				AE910341276837E000EC1C68 /* LaunchScreen.storyboard */,
				AE910344276837E000EC1C68 /* Info.plist */,
				AE91034A2768489E00EC1C68 /* PhotoCollectionViewController.swift */,
				AE91034C27686A2400EC1C68 /* PhotoCollectionCell.swift */,
			);
			path = CameraFilterApp;
			sourceTree = "<group>";
		};
/* End PBXGroup section */

/* Begin PBXNativeTarget section */
		AE910332276837DE00EC1C68 /* CameraFilterApp */ = {
			isa = PBXNativeTarget;
			buildConfigurationList = AE910347276837E000EC1C68 /* Build configuration list for PBXNativeTarget "CameraFilterApp" */;
			buildPhases = (
				1F9F858175727E83B708BC32 /* [CP] Check Pods Manifest.lock */,
				AE91032F276837DE00EC1C68 /* Sources */,
				AE910330276837DE00EC1C68 /* Frameworks */,
				AE910331276837DE00EC1C68 /* Resources */,
				9A2C60DD3385452F4765EDAD /* [CP] Embed Pods Frameworks */,
			);
			buildRules = (
			);
			dependencies = (
			);
			name = CameraFilterApp;
			productName = CameraFilterApp;
			productReference = AE910333276837DE00EC1C68 /* CameraFilterApp.app */;
			productType = "com.apple.product-type.application";
		};
/* End PBXNativeTarget section */

/* Begin PBXProject section */
		AE91032B276837DE00EC1C68 /* Project object */ = {
			isa = PBXProject;
			attributes = {
				BuildIndependentTargetsInParallel = 1;
				LastSwiftUpdateCheck = 1300;
				LastUpgradeCheck = 1300;
				TargetAttributes = {
					AE910332276837DE00EC1C68 = {
						CreatedOnToolsVersion = 13.0;
					};
				};
			};
			buildConfigurationList = AE91032E276837DE00EC1C68 /* Build configuration list for PBXProject "CameraFilterApp" */;
			compatibilityVersion = "Xcode 13.0";
			developmentRegion = en;
			hasScannedForEncodings = 0;
			knownRegions = (
				en,
				Base,
			);
			mainGroup = AE91032A276837DE00EC1C68;
			productRefGroup = AE910334276837DE00EC1C68 /* Products */;
			projectDirPath = "";
			projectRoot = "";
			targets = (
				AE910332276837DE00EC1C68 /* CameraFilterApp */,
			);
		};
/* End PBXProject section */

/* Begin PBXResourcesBuildPhase section */
		AE910331276837DE00EC1C68 /* Resources */ = {
			isa = PBXResourcesBuildPhase;
			buildActionMask = 2147483647;
			files = (
				AE910343276837E000EC1C68 /* LaunchScreen.storyboard in Resources */,
				AE910340276837DF00EC1C68 /* Assets.xcassets in Resources */,
				AE91033E276837DE00EC1C68 /* Main.storyboard in Resources */,
			);
			runOnlyForDeploymentPostprocessing = 0;
		};
/* End PBXResourcesBuildPhase section */

/* Begin PBXShellScriptBuildPhase section */
		1F9F858175727E83B708BC32 /* [CP] Check Pods Manifest.lock */ = {
			isa = PBXShellScriptBuildPhase;
			buildActionMask = 2147483647;
			files = (
			);
			inputFileListPaths = (
			);
			inputPaths = (
				"${PODS_PODFILE_DIR_PATH}/Podfile.lock",
				"${PODS_ROOT}/Manifest.lock",
			);
			name = "[CP] Check Pods Manifest.lock";
			outputFileListPaths = (
			);
			outputPaths = (
				"$(DERIVED_FILE_DIR)/Pods-CameraFilterApp-checkManifestLockResult.txt",
			);
			runOnlyForDeploymentPostprocessing = 0;
			shellPath = /bin/sh;
			shellScript = "diff \"${PODS_PODFILE_DIR_PATH}/Podfile.lock\" \"${PODS_ROOT}/Manifest.lock\" > /dev/null\nif [ $? != 0 ] ; then\n    # print error to STDERR\n    echo \"error: The sandbox is not in sync with the Podfile.lock. Run 'pod install' or update your CocoaPods installation.\" >&2\n    exit 1\nfi\n# This output is used by Xcode 'outputs' to avoid re-running this script phase.\necho \"SUCCESS\" > \"${SCRIPT_OUTPUT_FILE_0}\"\n";
			showEnvVarsInLog = 0;
		};
		9A2C60DD3385452F4765EDAD /* [CP] Embed Pods Frameworks */ = {
			isa = PBXShellScriptBuildPhase;
			buildActionMask = 2147483647;
			files = (
			);
			inputFileListPaths = (
				"${PODS_ROOT}/Target Support Files/Pods-CameraFilterApp/Pods-CameraFilterApp-frameworks-${CONFIGURATION}-input-files.xcfilelist",
			);
			name = "[CP] Embed Pods Frameworks";
			outputFileListPaths = (
				"${PODS_ROOT}/Target Support Files/Pods-CameraFilterApp/Pods-CameraFilterApp-frameworks-${CONFIGURATION}-output-files.xcfilelist",
			);
			runOnlyForDeploymentPostprocessing = 0;
			shellPath = /bin/sh;
			shellScript = "\"${PODS_ROOT}/Target Support Files/Pods-CameraFilterApp/Pods-CameraFilterApp-frameworks.sh\"\n";
			showEnvVarsInLog = 0;
		};
/* End PBXShellScriptBuildPhase section */

/* Begin PBXSourcesBuildPhase section */
		AE91032F276837DE00EC1C68 /* Sources */ = {
			isa = PBXSourcesBuildPhase;
			buildActionMask = 2147483647;
			files = (
				AE91033B276837DE00EC1C68 /* ViewController.swift in Sources */,
				AE910337276837DE00EC1C68 /* AppDelegate.swift in Sources */,
				AE910339276837DE00EC1C68 /* SceneDelegate.swift in Sources */,
				AE91034F276882F400EC1C68 /* FilterService.swift in Sources */,
				AE91034B2768489E00EC1C68 /* PhotoCollectionViewController.swift in Sources */,
				AE91034D27686A2400EC1C68 /* PhotoCollectionCell.swift in Sources */,
			);
			runOnlyForDeploymentPostprocessing = 0;
		};
/* End PBXSourcesBuildPhase section */

/* Begin PBXVariantGroup section */
		AE91033C276837DE00EC1C68 /* Main.storyboard */ = {
			isa = PBXVariantGroup;
			children = (
				AE91033D276837DE00EC1C68 /* Base */,
			);
			name = Main.storyboard;
			sourceTree = "<group>";
		};
		AE910341276837E000EC1C68 /* LaunchScreen.storyboard */ = {
			isa = PBXVariantGroup;
			children = (
				AE910342276837E000EC1C68 /* Base */,
			);
			name = LaunchScreen.storyboard;
			sourceTree = "<group>";
		};
/* End PBXVariantGroup section */

/* Begin XCBuildConfiguration section */
		AE910345276837E000EC1C68 /* Debug */ = {
			isa = XCBuildConfiguration;
			buildSettings = {
				ALWAYS_SEARCH_USER_PATHS = NO;
				CLANG_ANALYZER_NONNULL = YES;
				CLANG_ANALYZER_NUMBER_OBJECT_CONVERSION = YES_AGGRESSIVE;
				CLANG_CXX_LANGUAGE_STANDARD = "gnu++17";
				CLANG_CXX_LIBRARY = "libc++";
				CLANG_ENABLE_MODULES = YES;
				CLANG_ENABLE_OBJC_ARC = YES;
				CLANG_ENABLE_OBJC_WEAK = YES;
				CLANG_WARN_BLOCK_CAPTURE_AUTORELEASING = YES;
				CLANG_WARN_BOOL_CONVERSION = YES;
				CLANG_WARN_COMMA = YES;
				CLANG_WARN_CONSTANT_CONVERSION = YES;
				CLANG_WARN_DEPRECATED_OBJC_IMPLEMENTATIONS = YES;
				CLANG_WARN_DIRECT_OBJC_ISA_USAGE = YES_ERROR;
				CLANG_WARN_DOCUMENTATION_COMMENTS = YES;
				CLANG_WARN_EMPTY_BODY = YES;
				CLANG_WARN_ENUM_CONVERSION = YES;
				CLANG_WARN_INFINITE_RECURSION = YES;
				CLANG_WARN_INT_CONVERSION = YES;
				CLANG_WARN_NON_LITERAL_NULL_CONVERSION = YES;
				CLANG_WARN_OBJC_IMPLICIT_RETAIN_SELF = YES;
				CLANG_WARN_OBJC_LITERAL_CONVERSION = YES;
				CLANG_WARN_OBJC_ROOT_CLASS = YES_ERROR;
				CLANG_WARN_QUOTED_INCLUDE_IN_FRAMEWORK_HEADER = YES;
				CLANG_WARN_RANGE_LOOP_ANALYSIS = YES;
				CLANG_WARN_STRICT_PROTOTYPES = YES;
				CLANG_WARN_SUSPICIOUS_MOVE = YES;
				CLANG_WARN_UNGUARDED_AVAILABILITY = YES_AGGRESSIVE;
				CLANG_WARN_UNREACHABLE_CODE = YES;
				CLANG_WARN__DUPLICATE_METHOD_MATCH = YES;
				COPY_PHASE_STRIP = NO;
				DEBUG_INFORMATION_FORMAT = dwarf;
				ENABLE_STRICT_OBJC_MSGSEND = YES;
				ENABLE_TESTABILITY = YES;
				GCC_C_LANGUAGE_STANDARD = gnu11;
				GCC_DYNAMIC_NO_PIC = NO;
				GCC_NO_COMMON_BLOCKS = YES;
				GCC_OPTIMIZATION_LEVEL = 0;
				GCC_PREPROCESSOR_DEFINITIONS = (
					"DEBUG=1",
					"$(inherited)",
				);
				GCC_WARN_64_TO_32_BIT_CONVERSION = YES;
				GCC_WARN_ABOUT_RETURN_TYPE = YES_ERROR;
				GCC_WARN_UNDECLARED_SELECTOR = YES;
				GCC_WARN_UNINITIALIZED_AUTOS = YES_AGGRESSIVE;
				GCC_WARN_UNUSED_FUNCTION = YES;
				GCC_WARN_UNUSED_VARIABLE = YES;
				IPHONEOS_DEPLOYMENT_TARGET = 15.0;
				MTL_ENABLE_DEBUG_INFO = INCLUDE_SOURCE;
				MTL_FAST_MATH = YES;
				ONLY_ACTIVE_ARCH = YES;
				SDKROOT = iphoneos;
				SWIFT_ACTIVE_COMPILATION_CONDITIONS = DEBUG;
				SWIFT_OPTIMIZATION_LEVEL = "-Onone";
			};
			name = Debug;
		};
		AE910346276837E000EC1C68 /* Release */ = {
			isa = XCBuildConfiguration;
			buildSettings = {
				ALWAYS_SEARCH_USER_PATHS = NO;
				CLANG_ANALYZER_NONNULL = YES;
				CLANG_ANALYZER_NUMBER_OBJECT_CONVERSION = YES_AGGRESSIVE;
				CLANG_CXX_LANGUAGE_STANDARD = "gnu++17";
				CLANG_CXX_LIBRARY = "libc++";
				CLANG_ENABLE_MODULES = YES;
				CLANG_ENABLE_OBJC_ARC = YES;
				CLANG_ENABLE_OBJC_WEAK = YES;
				CLANG_WARN_BLOCK_CAPTURE_AUTORELEASING = YES;
				CLANG_WARN_BOOL_CONVERSION = YES;
				CLANG_WARN_COMMA = YES;
				CLANG_WARN_CONSTANT_CONVERSION = YES;
				CLANG_WARN_DEPRECATED_OBJC_IMPLEMENTATIONS = YES;
				CLANG_WARN_DIRECT_OBJC_ISA_USAGE = YES_ERROR;
				CLANG_WARN_DOCUMENTATION_COMMENTS = YES;
				CLANG_WARN_EMPTY_BODY = YES;
				CLANG_WARN_ENUM_CONVERSION = YES;
				CLANG_WARN_INFINITE_RECURSION = YES;
				CLANG_WARN_INT_CONVERSION = YES;
				CLANG_WARN_NON_LITERAL_NULL_CONVERSION = YES;
				CLANG_WARN_OBJC_IMPLICIT_RETAIN_SELF = YES;
				CLANG_WARN_OBJC_LITERAL_CONVERSION = YES;
				CLANG_WARN_OBJC_ROOT_CLASS = YES_ERROR;
				CLANG_WARN_QUOTED_INCLUDE_IN_FRAMEWORK_HEADER = YES;
				CLANG_WARN_RANGE_LOOP_ANALYSIS = YES;
				CLANG_WARN_STRICT_PROTOTYPES = YES;
				CLANG_WARN_SUSPICIOUS_MOVE = YES;
				CLANG_WARN_UNGUARDED_AVAILABILITY = YES_AGGRESSIVE;
				CLANG_WARN_UNREACHABLE_CODE = YES;
				CLANG_WARN__DUPLICATE_METHOD_MATCH = YES;
				COPY_PHASE_STRIP = NO;
				DEBUG_INFORMATION_FORMAT = "dwarf-with-dsym";
				ENABLE_NS_ASSERTIONS = NO;
				ENABLE_STRICT_OBJC_MSGSEND = YES;
				GCC_C_LANGUAGE_STANDARD = gnu11;
				GCC_NO_COMMON_BLOCKS = YES;
				GCC_WARN_64_TO_32_BIT_CONVERSION = YES;
				GCC_WARN_ABOUT_RETURN_TYPE = YES_ERROR;
				GCC_WARN_UNDECLARED_SELECTOR = YES;
				GCC_WARN_UNINITIALIZED_AUTOS = YES_AGGRESSIVE;
				GCC_WARN_UNUSED_FUNCTION = YES;
				GCC_WARN_UNUSED_VARIABLE = YES;
				IPHONEOS_DEPLOYMENT_TARGET = 15.0;
				MTL_ENABLE_DEBUG_INFO = NO;
				MTL_FAST_MATH = YES;
				SDKROOT = iphoneos;
				SWIFT_COMPILATION_MODE = wholemodule;
				SWIFT_OPTIMIZATION_LEVEL = "-O";
				VALIDATE_PRODUCT = YES;
			};
			name = Release;
		};
		AE910348276837E000EC1C68 /* Debug */ = {
			isa = XCBuildConfiguration;
			baseConfigurationReference = 64EF7108DB53483AF2547A61 /* Pods-CameraFilterApp.debug.xcconfig */;
			buildSettings = {
				ASSETCATALOG_COMPILER_APPICON_NAME = AppIcon;
				ASSETCATALOG_COMPILER_GLOBAL_ACCENT_COLOR_NAME = AccentColor;
				CODE_SIGN_STYLE = Automatic;
				CURRENT_PROJECT_VERSION = 1;
				DEVELOPMENT_TEAM = HWBJNMY98D;
				GENERATE_INFOPLIST_FILE = YES;
				INFOPLIST_FILE = CameraFilterApp/Info.plist;
				INFOPLIST_KEY_UIApplicationSupportsIndirectInputEvents = YES;
				INFOPLIST_KEY_UILaunchStoryboardName = LaunchScreen;
				INFOPLIST_KEY_UIMainStoryboardFile = Main;
				INFOPLIST_KEY_UISupportedInterfaceOrientations_iPad = "UIInterfaceOrientationPortrait UIInterfaceOrientationPortraitUpsideDown UIInterfaceOrientationLandscapeLeft UIInterfaceOrientationLandscapeRight";
				INFOPLIST_KEY_UISupportedInterfaceOrientations_iPhone = "UIInterfaceOrientationPortrait UIInterfaceOrientationLandscapeLeft UIInterfaceOrientationLandscapeRight";
				LD_RUNPATH_SEARCH_PATHS = (
					"$(inherited)",
					"@executable_path/Frameworks",
				);
				MARKETING_VERSION = 1.0;
				PRODUCT_BUNDLE_IDENTIFIER = kr.co.test.CameraFilterApp;
				PRODUCT_NAME = "$(TARGET_NAME)";
				SWIFT_EMIT_LOC_STRINGS = YES;
				SWIFT_VERSION = 5.0;
				TARGETED_DEVICE_FAMILY = "1,2";
			};
			name = Debug;
		};
		AE910349276837E000EC1C68 /* Release */ = {
			isa = XCBuildConfiguration;
			baseConfigurationReference = AC87B568D7FA51BDCA9B1510 /* Pods-CameraFilterApp.release.xcconfig */;
			buildSettings = {
				ASSETCATALOG_COMPILER_APPICON_NAME = AppIcon;
				ASSETCATALOG_COMPILER_GLOBAL_ACCENT_COLOR_NAME = AccentColor;
				CODE_SIGN_STYLE = Automatic;
				CURRENT_PROJECT_VERSION = 1;
				DEVELOPMENT_TEAM = HWBJNMY98D;
				GENERATE_INFOPLIST_FILE = YES;
				INFOPLIST_FILE = CameraFilterApp/Info.plist;
				INFOPLIST_KEY_UIApplicationSupportsIndirectInputEvents = YES;
				INFOPLIST_KEY_UILaunchStoryboardName = LaunchScreen;
				INFOPLIST_KEY_UIMainStoryboardFile = Main;
				INFOPLIST_KEY_UISupportedInterfaceOrientations_iPad = "UIInterfaceOrientationPortrait UIInterfaceOrientationPortraitUpsideDown UIInterfaceOrientationLandscapeLeft UIInterfaceOrientationLandscapeRight";
				INFOPLIST_KEY_UISupportedInterfaceOrientations_iPhone = "UIInterfaceOrientationPortrait UIInterfaceOrientationLandscapeLeft UIInterfaceOrientationLandscapeRight";
				LD_RUNPATH_SEARCH_PATHS = (
					"$(inherited)",
					"@executable_path/Frameworks",
				);
				MARKETING_VERSION = 1.0;
				PRODUCT_BUNDLE_IDENTIFIER = kr.co.test.CameraFilterApp;
				PRODUCT_NAME = "$(TARGET_NAME)";
				SWIFT_EMIT_LOC_STRINGS = YES;
				SWIFT_VERSION = 5.0;
				TARGETED_DEVICE_FAMILY = "1,2";
			};
			name = Release;
		};
/* End XCBuildConfiguration section */

/* Begin XCConfigurationList section */
		AE91032E276837DE00EC1C68 /* Build configuration list for PBXProject "CameraFilterApp" */ = {
			isa = XCConfigurationList;
			buildConfigurations = (
				AE910345276837E000EC1C68 /* Debug */,
				AE910346276837E000EC1C68 /* Release */,
			);
			defaultConfigurationIsVisible = 0;
			defaultConfigurationName = Release;
		};
		AE910347276837E000EC1C68 /* Build configuration list for PBXNativeTarget "CameraFilterApp" */ = {
			isa = XCConfigurationList;
			buildConfigurations = (
				AE910348276837E000EC1C68 /* Debug */,
				AE910349276837E000EC1C68 /* Release */,
			);
			defaultConfigurationIsVisible = 0;
			defaultConfigurationName = Release;
		};
/* End XCConfigurationList section */
	};
	rootObject = AE91032B276837DE00EC1C68 /* Project object */;
}
